
Microsoft Visual Studio Solution File, Format Version 12.00
# Visual Studio Version 17
VisualStudioVersion = 17.9.34728.123
MinimumVisualStudioVersion = 10.0.40219.1
Project("{FAE04EC0-301F-11D3-BF4B-00C04F79EFBC}") = "CallCRMML", "CallCRMML\CallCRMML.csproj", "{6FE0D215-BEFB-447D-A8C6-4D8FBA824301}"
EndProject
Global
	GlobalSection(SolutionConfigurationPlatforms) = preSolution
		Debug|Any CPU = Debug|Any CPU
		Release|Any CPU = Release|Any CPU
	EndGlobalSection
	GlobalSection(ProjectConfigurationPlatforms) = postSolution
		{6FE0D215-BEFB-447D-A8C6-4D8FBA824301}.Debug|Any CPU.ActiveCfg = Debug|Any CPU
		{6FE0D215-BEFB-447D-A8C6-4D8FBA824301}.Debug|Any CPU.Build.0 = Debug|Any CPU
		{6FE0D215-BEFB-447D-A8C6-4D8FBA824301}.Release|Any CPU.ActiveCfg = Release|Any CPU
		{6FE0D215-BEFB-447D-A8C6-4D8FBA824301}.Release|Any CPU.Build.0 = Release|Any CPU
	EndGlobalSection
	GlobalSection(SolutionProperties) = preSolution
		HideSolutionNode = FALSE
	EndGlobalSection
	GlobalSection(ExtensibilityGlobals) = postSolution
		SolutionGuid = {200CB108-8EB3-40C6-B03B-7A69BE0B248A}
	EndGlobalSection
EndGlobal
